
Microsoft Visual Studio Solution File, Format Version 12.00
# Visual Studio 15
VisualStudioVersion = 15.0.28307.329
MinimumVisualStudioVersion = 10.0.40219.1
Project("{FAE04EC0-301F-11D3-BF4B-00C04F79EFBC}") = "Task 4", "Task 4\Task 4.csproj", "{EA9997ED-0B72-440F-8DFA-F2842CE2F053}"
EndProject
Global
	GlobalSection(SolutionConfigurationPlatforms) = preSolution
		Debug|Any CPU = Debug|Any CPU
		Release|Any CPU = Release|Any CPU
	EndGlobalSection
	GlobalSection(ProjectConfigurationPlatforms) = postSolution
		{EA9997ED-0B72-440F-8DFA-F2842CE2F053}.Debug|Any CPU.ActiveCfg = Debug|Any CPU
		{EA9997ED-0B72-440F-8DFA-F2842CE2F053}.Debug|Any CPU.Build.0 = Debug|Any CPU
		{EA9997ED-0B72-440F-8DFA-F2842CE2F053}.Release|Any CPU.ActiveCfg = Release|Any CPU
		{EA9997ED-0B72-440F-8DFA-F2842CE2F053}.Release|Any CPU.Build.0 = Release|Any CPU
	EndGlobalSection
	GlobalSection(SolutionProperties) = preSolution
		HideSolutionNode = FALSE
	EndGlobalSection
	GlobalSection(ExtensibilityGlobals) = postSolution
		SolutionGuid = {1C9ED697-37B9-4B93-B9EB-75981A712286}
	EndGlobalSection
EndGlobal
